
Microsoft Visual Studio Solution File, Format Version 12.00
# Visual Studio Version 17
VisualStudioVersion = 17.4.33403.182
MinimumVisualStudioVersion = 10.0.40219.1
Project("{FAE04EC0-301F-11D3-BF4B-00C04F79EFBC}") = "GAP", "GAP.csproj", "{B8971C12-1BC4-42B0-BD65-C3F14BDD5BE8}"
EndProject
Global
	GlobalSection(SolutionConfigurationPlatforms) = preSolution
		Debug|Any CPU = Debug|Any CPU
		Release|Any CPU = Release|Any CPU
	EndGlobalSection
	GlobalSection(ProjectConfigurationPlatforms) = postSolution
		{B8971C12-1BC4-42B0-BD65-C3F14BDD5BE8}.Debug|Any CPU.ActiveCfg = Debug|Any CPU
		{B8971C12-1BC4-42B0-BD65-C3F14BDD5BE8}.Debug|Any CPU.Build.0 = Debug|Any CPU
		{B8971C12-1BC4-42B0-BD65-C3F14BDD5BE8}.Release|Any CPU.ActiveCfg = Release|Any CPU
		{B8971C12-1BC4-42B0-BD65-C3F14BDD5BE8}.Release|Any CPU.Build.0 = Release|Any CPU
	EndGlobalSection
	GlobalSection(SolutionProperties) = preSolution
		HideSolutionNode = FALSE
	EndGlobalSection
	GlobalSection(ExtensibilityGlobals) = postSolution
		SolutionGuid = {4768D6B4-C41E-424F-9D2B-1A09E987D029}
	EndGlobalSection
EndGlobal
